
Microsoft Visual Studio Solution File, Format Version 12.00
# Visual Studio Version 16
VisualStudioVersion = 16.0.30413.136
MinimumVisualStudioVersion = 10.0.40219.1
Project("{9A19103F-16F7-4668-BE54-9A1E7A4F7556}") = "Lzma1900DotNetCore.Common", "Lzma1900DotNetCore.Common\Lzma1900DotNetCore.Common.csproj", "{F1C983D7-DB77-49CE-809C-C678E2E47295}"
EndProject
Project("{9A19103F-16F7-4668-BE54-9A1E7A4F7556}") = "Lzma1900DotNetCore", "Lzma1900DotNetCore\Lzma1900DotNetCore.csproj", "{3EE894B5-52F3-43F5-9280-03FB2F16D5A5}"
EndProject
Project("{FAE04EC0-301F-11D3-BF4B-00C04F79EFBC}") = "Lzma1900DotNetCore.Compress", "Lzma1900DotNetCore.Compress\Lzma1900DotNetCore.Compress.csproj", "{4A3FE8D7-B943-4A54-99B1-86AF9030DD14}"
EndProject
Global
	GlobalSection(SolutionConfigurationPlatforms) = preSolution
		Debug|Any CPU = Debug|Any CPU
		Release|Any CPU = Release|Any CPU
	EndGlobalSection
	GlobalSection(ProjectConfigurationPlatforms) = postSolution
		{F1C983D7-DB77-49CE-809C-C678E2E47295}.Debug|Any CPU.ActiveCfg = Debug|Any CPU
		{F1C983D7-DB77-49CE-809C-C678E2E47295}.Debug|Any CPU.Build.0 = Debug|Any CPU
		{F1C983D7-DB77-49CE-809C-C678E2E47295}.Release|Any CPU.ActiveCfg = Release|Any CPU
		{F1C983D7-DB77-49CE-809C-C678E2E47295}.Release|Any CPU.Build.0 = Release|Any CPU
		{3EE894B5-52F3-43F5-9280-03FB2F16D5A5}.Debug|Any CPU.ActiveCfg = Debug|Any CPU
		{3EE894B5-52F3-43F5-9280-03FB2F16D5A5}.Debug|Any CPU.Build.0 = Debug|Any CPU
		{3EE894B5-52F3-43F5-9280-03FB2F16D5A5}.Release|Any CPU.ActiveCfg = Release|Any CPU
		{3EE894B5-52F3-43F5-9280-03FB2F16D5A5}.Release|Any CPU.Build.0 = Release|Any CPU
		{4A3FE8D7-B943-4A54-99B1-86AF9030DD14}.Debug|Any CPU.ActiveCfg = Debug|Any CPU
		{4A3FE8D7-B943-4A54-99B1-86AF9030DD14}.Debug|Any CPU.Build.0 = Debug|Any CPU
		{4A3FE8D7-B943-4A54-99B1-86AF9030DD14}.Release|Any CPU.ActiveCfg = Release|Any CPU
		{4A3FE8D7-B943-4A54-99B1-86AF9030DD14}.Release|Any CPU.Build.0 = Release|Any CPU
	EndGlobalSection
	GlobalSection(SolutionProperties) = preSolution
		HideSolutionNode = FALSE
	EndGlobalSection
	GlobalSection(ExtensibilityGlobals) = postSolution
		SolutionGuid = {9D4467B6-15DE-4A9F-BDD3-774AA1961273}
	EndGlobalSection
EndGlobal
